// !$*UTF8*$!
{
	archiveVersion = 1;
	classes = {
	};
	objectVersion = 50;
	objects = {

/* Begin PBXBuildFile section */
		F7122C8825CDDB5200AF41C9 /* AppDelegate.swift in Sources */ = {isa = PBXBuildFile; fileRef = F7122C8725CDDB5200AF41C9 /* AppDelegate.swift */; };
		F7122C8A25CDDB5200AF41C9 /* SceneDelegate.swift in Sources */ = {isa = PBXBuildFile; fileRef = F7122C8925CDDB5200AF41C9 /* SceneDelegate.swift */; };
		F7122C8C25CDDB5200AF41C9 /* ViewController.swift in Sources */ = {isa = PBXBuildFile; fileRef = F7122C8B25CDDB5200AF41C9 /* ViewController.swift */; };
		F7122C8F25CDDB5200AF41C9 /* Main.storyboard in Resources */ = {isa = PBXBuildFile; fileRef = F7122C8D25CDDB5200AF41C9 /* Main.storyboard */; };
		F7122C9125CDDB5700AF41C9 /* Assets.xcassets in Resources */ = {isa = PBXBuildFile; fileRef = F7122C9025CDDB5700AF41C9 /* Assets.xcassets */; };
		F7122C9425CDDB5700AF41C9 /* LaunchScreen.storyboard in Resources */ = {isa = PBXBuildFile; fileRef = F7122C9225CDDB5700AF41C9 /* LaunchScreen.storyboard */; };
		F7122C9E25CDE4EF00AF41C9 /* TweetTableViewCell.swift in Sources */ = {isa = PBXBuildFile; fileRef = F7122C9C25CDE4EF00AF41C9 /* TweetTableViewCell.swift */; };
		F7122C9F25CDE4EF00AF41C9 /* TweetTableViewCell.xib in Resources */ = {isa = PBXBuildFile; fileRef = F7122C9D25CDE4EF00AF41C9 /* TweetTableViewCell.xib */; };
/* End PBXBuildFile section */

/* Begin PBXFileReference section */
		F7122C8425CDDB5200AF41C9 /* AprendiendoTablas.app */ = {isa = PBXFileReference; explicitFileType = wrapper.application; includeInIndex = 0; path = AprendiendoTablas.app; sourceTree = BUILT_PRODUCTS_DIR; };
		F7122C8725CDDB5200AF41C9 /* AppDelegate.swift */ = {isa = PBXFileReference; lastKnownFileType = sourcecode.swift; path = AppDelegate.swift; sourceTree = "<group>"; };
		F7122C8925CDDB5200AF41C9 /* SceneDelegate.swift */ = {isa = PBXFileReference; lastKnownFileType = sourcecode.swift; path = SceneDelegate.swift; sourceTree = "<group>"; };
		F7122C8B25CDDB5200AF41C9 /* ViewController.swift */ = {isa = PBXFileReference; lastKnownFileType = sourcecode.swift; path = ViewController.swift; sourceTree = "<group>"; };
		F7122C8E25CDDB5200AF41C9 /* Base */ = {isa = PBXFileReference; lastKnownFileType = file.storyboard; name = Base; path = Base.lproj/Main.storyboard; sourceTree = "<group>"; };
		F7122C9025CDDB5700AF41C9 /* Assets.xcassets */ = {isa = PBXFileReference; lastKnownFileType = folder.assetcatalog; path = Assets.xcassets; sourceTree = "<group>"; };
		F7122C9325CDDB5700AF41C9 /* Base */ = {isa = PBXFileReference; lastKnownFileType = file.storyboard; name = Base; path = Base.lproj/LaunchScreen.storyboard; sourceTree = "<group>"; };
		F7122C9525CDDB5700AF41C9 /* Info.plist */ = {isa = PBXFileReference; lastKnownFileType = text.plist.xml; path = Info.plist; sourceTree = "<group>"; };
		F7122C9C25CDE4EF00AF41C9 /* TweetTableViewCell.swift */ = {isa = PBXFileReference; lastKnownFileType = sourcecode.swift; path = TweetTableViewCell.swift; sourceTree = "<group>"; };
		F7122C9D25CDE4EF00AF41C9 /* TweetTableViewCell.xib */ = {isa = PBXFileReference; lastKnownFileType = file.xib; path = TweetTableViewCell.xib; sourceTree = "<group>"; };
/* End PBXFileReference section */

/* Begin PBXFrameworksBuildPhase section */
		F7122C8125CDDB5200AF41C9 /* Frameworks */ = {
			isa = PBXFrameworksBuildPhase;
			buildActionMask = 2147483647;
			files = (
			);
			runOnlyForDeploymentPostprocessing = 0;
		};
/* End PBXFrameworksBuildPhase section */

/* Begin PBXGroup section */
		F7122C7B25CDDB5200AF41C9 = {
			isa = PBXGroup;
			children = (
				F7122C8625CDDB5200AF41C9 /* AprendiendoTablas */,
				F7122C8525CDDB5200AF41C9 /* Products */,
			);
			sourceTree = "<group>";
		};
		F7122C8525CDDB5200AF41C9 /* Products */ = {
			isa = PBXGroup;
			children = (
				F7122C8425CDDB5200AF41C9 /* AprendiendoTablas.app */,
			);
			name = Products;
			sourceTree = "<group>";
		};
		F7122C8625CDDB5200AF41C9 /* AprendiendoTablas */ = {
			isa = PBXGroup;
			children = (
				F7122C9B25CDE4BA00AF41C9 /* Cell */,
				F7122C8725CDDB5200AF41C9 /* AppDelegate.swift */,
				F7122C8925CDDB5200AF41C9 /* SceneDelegate.swift */,
				F7122C8B25CDDB5200AF41C9 /* ViewController.swift */,
				F7122C8D25CDDB5200AF41C9 /* Main.storyboard */,
				F7122C9025CDDB5700AF41C9 /* Assets.xcassets */,
				F7122C9225CDDB5700AF41C9 /* LaunchScreen.storyboard */,
				F7122C9525CDDB5700AF41C9 /* Info.plist */,
			);
			path = AprendiendoTablas;
			sourceTree = "<group>";
		};
		F7122C9B25CDE4BA00AF41C9 /* Cell */ = {
			isa = PBXGroup;
			children = (
				F7122C9C25CDE4EF00AF41C9 /* TweetTableViewCell.swift */,
				F7122C9D25CDE4EF00AF41C9 /* TweetTableViewCell.xib */,
			);
			path = Cell;
			sourceTree = "<group>";
		};
/* End PBXGroup section */

/* Begin PBXNativeTarget section */
		F7122C8325CDDB5200AF41C9 /* AprendiendoTablas */ = {
			isa = PBXNativeTarget;
			buildConfigurationList = F7122C9825CDDB5700AF41C9 /* Build configuration list for PBXNativeTarget "AprendiendoTablas" */;
			buildPhases = (
				F7122C8025CDDB5200AF41C9 /* Sources */,
				F7122C8125CDDB5200AF41C9 /* Frameworks */,
				F7122C8225CDDB5200AF41C9 /* Resources */,
			);
			buildRules = (
			);
			dependencies = (
			);
			name = AprendiendoTablas;
			productName = AprendiendoTablas;
			productReference = F7122C8425CDDB5200AF41C9 /* AprendiendoTablas.app */;
			productType = "com.apple.product-type.application";
		};
/* End PBXNativeTarget section */

/* Begin PBXProject section */
		F7122C7C25CDDB5200AF41C9 /* Project object */ = {
			isa = PBXProject;
			attributes = {
				LastSwiftUpdateCheck = 1160;
				LastUpgradeCheck = 1160;
				ORGANIZATIONNAME = "Raul Kevin Aliaga Shapiama";
				TargetAttributes = {
					F7122C8325CDDB5200AF41C9 = {
						CreatedOnToolsVersion = 11.6;
					};
				};
			};
			buildConfigurationList = F7122C7F25CDDB5200AF41C9 /* Build configuration list for PBXProject "AprendiendoTablas" */;
			compatibilityVersion = "Xcode 9.3";
			developmentRegion = en;
			hasScannedForEncodings = 0;
			knownRegions = (
				en,
				Base,
			);
			mainGroup = F7122C7B25CDDB5200AF41C9;
			productRefGroup = F7122C8525CDDB5200AF41C9 /* Products */;
			projectDirPath = "";
			projectRoot = "";
			targets = (
				F7122C8325CDDB5200AF41C9 /* AprendiendoTablas */,
			);
		};
/* End PBXProject section */

/* Begin PBXResourcesBuildPhase section */
		F7122C8225CDDB5200AF41C9 /* Resources */ = {
			isa = PBXResourcesBuildPhase;
			buildActionMask = 2147483647;
			files = (
				F7122C9425CDDB5700AF41C9 /* LaunchScreen.storyboard in Resources */,
				F7122C9125CDDB5700AF41C9 /* Assets.xcassets in Resources */,
				F7122C8F25CDDB5200AF41C9 /* Main.storyboard in Resources */,
				F7122C9F25CDE4EF00AF41C9 /* TweetTableViewCell.xib in Resources */,
			);
			runOnlyForDeploymentPostprocessing = 0;
		};
/* End PBXResourcesBuildPhase section */

/* Begin PBXSourcesBuildPhase section */
		F7122C8025CDDB5200AF41C9 /* Sources */ = {
			isa = PBXSourcesBuildPhase;
			buildActionMask = 2147483647;
			files = (
				F7122C8C25CDDB5200AF41C9 /* ViewController.swift in Sources */,
				F7122C8825CDDB5200AF41C9 /* AppDelegate.swift in Sources */,
				F7122C8A25CDDB5200AF41C9 /* SceneDelegate.swift in Sources */,
				F7122C9E25CDE4EF00AF41C9 /* TweetTableViewCell.swift in Sources */,
			);
			runOnlyForDeploymentPostprocessing = 0;
		};
/* End PBXSourcesBuildPhase section */

/* Begin PBXVariantGroup section */
		F7122C8D25CDDB5200AF41C9 /* Main.storyboard */ = {
			isa = PBXVariantGroup;
			children = (
				F7122C8E25CDDB5200AF41C9 /* Base */,
			);
			name = Main.storyboard;
			sourceTree = "<group>";
		};
		F7122C9225CDDB5700AF41C9 /* LaunchScreen.storyboard */ = {
			isa = PBXVariantGroup;
			children = (
				F7122C9325CDDB5700AF41C9 /* Base */,
			);
			name = LaunchScreen.storyboard;
			sourceTree = "<group>";
		};
/* End PBXVariantGroup section */

/* Begin XCBuildConfiguration section */
		F7122C9625CDDB5700AF41C9 /* Debug */ = {
			isa = XCBuildConfiguration;
			buildSettings = {
				ALWAYS_SEARCH_USER_PATHS = NO;
				CLANG_ANALYZER_NONNULL = YES;
				CLANG_ANALYZER_NUMBER_OBJECT_CONVERSION = YES_AGGRESSIVE;
				CLANG_CXX_LANGUAGE_STANDARD = "gnu++14";
				CLANG_CXX_LIBRARY = "libc++";
				CLANG_ENABLE_MODULES = YES;
				CLANG_ENABLE_OBJC_ARC = YES;
				CLANG_ENABLE_OBJC_WEAK = YES;
				CLANG_WARN_BLOCK_CAPTURE_AUTORELEASING = YES;
				CLANG_WARN_BOOL_CONVERSION = YES;
				CLANG_WARN_COMMA = YES;
				CLANG_WARN_CONSTANT_CONVERSION = YES;
				CLANG_WARN_DEPRECATED_OBJC_IMPLEMENTATIONS = YES;
				CLANG_WARN_DIRECT_OBJC_ISA_USAGE = YES_ERROR;
				CLANG_WARN_DOCUMENTATION_COMMENTS = YES;
				CLANG_WARN_EMPTY_BODY = YES;
				CLANG_WARN_ENUM_CONVERSION = YES;
				CLANG_WARN_INFINITE_RECURSION = YES;
				CLANG_WARN_INT_CONVERSION = YES;
				CLANG_WARN_NON_LITERAL_NULL_CONVERSION = YES;
				CLANG_WARN_OBJC_IMPLICIT_RETAIN_SELF = YES;
				CLANG_WARN_OBJC_LITERAL_CONVERSION = YES;
				CLANG_WARN_OBJC_ROOT_CLASS = YES_ERROR;
				CLANG_WARN_RANGE_LOOP_ANALYSIS = YES;
				CLANG_WARN_STRICT_PROTOTYPES = YES;
				CLANG_WARN_SUSPICIOUS_MOVE = YES;
				CLANG_WARN_UNGUARDED_AVAILABILITY = YES_AGGRESSIVE;
				CLANG_WARN_UNREACHABLE_CODE = YES;
				CLANG_WARN__DUPLICATE_METHOD_MATCH = YES;
				COPY_PHASE_STRIP = NO;
				DEBUG_INFORMATION_FORMAT = dwarf;
				ENABLE_STRICT_OBJC_MSGSEND = YES;
				ENABLE_TESTABILITY = YES;
				GCC_C_LANGUAGE_STANDARD = gnu11;
				GCC_DYNAMIC_NO_PIC = NO;
				GCC_NO_COMMON_BLOCKS = YES;
				GCC_OPTIMIZATION_LEVEL = 0;
				GCC_PREPROCESSOR_DEFINITIONS = (
					"DEBUG=1",
					"$(inherited)",
				);
				GCC_WARN_64_TO_32_BIT_CONVERSION = YES;
				GCC_WARN_ABOUT_RETURN_TYPE = YES_ERROR;
				GCC_WARN_UNDECLARED_SELECTOR = YES;
				GCC_WARN_UNINITIALIZED_AUTOS = YES_AGGRESSIVE;
				GCC_WARN_UNUSED_FUNCTION = YES;
				GCC_WARN_UNUSED_VARIABLE = YES;
				IPHONEOS_DEPLOYMENT_TARGET = 13.6;
				MTL_ENABLE_DEBUG_INFO = INCLUDE_SOURCE;
				MTL_FAST_MATH = YES;
				ONLY_ACTIVE_ARCH = YES;
				SDKROOT = iphoneos;
				SWIFT_ACTIVE_COMPILATION_CONDITIONS = DEBUG;
				SWIFT_OPTIMIZATION_LEVEL = "-Onone";
			};
			name = Debug;
		};
		F7122C9725CDDB5700AF41C9 /* Release */ = {
			isa = XCBuildConfiguration;
			buildSettings = {
				ALWAYS_SEARCH_USER_PATHS = NO;
				CLANG_ANALYZER_NONNULL = YES;
				CLANG_ANALYZER_NUMBER_OBJECT_CONVERSION = YES_AGGRESSIVE;
				CLANG_CXX_LANGUAGE_STANDARD = "gnu++14";
				CLANG_CXX_LIBRARY = "libc++";
				CLANG_ENABLE_MODULES = YES;
				CLANG_ENABLE_OBJC_ARC = YES;
				CLANG_ENABLE_OBJC_WEAK = YES;
				CLANG_WARN_BLOCK_CAPTURE_AUTORELEASING = YES;
				CLANG_WARN_BOOL_CONVERSION = YES;
				CLANG_WARN_COMMA = YES;
				CLANG_WARN_CONSTANT_CONVERSION = YES;
				CLANG_WARN_DEPRECATED_OBJC_IMPLEMENTATIONS = YES;
				CLANG_WARN_DIRECT_OBJC_ISA_USAGE = YES_ERROR;
				CLANG_WARN_DOCUMENTATION_COMMENTS = YES;
				CLANG_WARN_EMPTY_BODY = YES;
				CLANG_WARN_ENUM_CONVERSION = YES;
				CLANG_WARN_INFINITE_RECURSION = YES;
				CLANG_WARN_INT_CONVERSION = YES;
				CLANG_WARN_NON_LITERAL_NULL_CONVERSION = YES;
				CLANG_WARN_OBJC_IMPLICIT_RETAIN_SELF = YES;
				CLANG_WARN_OBJC_LITERAL_CONVERSION = YES;
				CLANG_WARN_OBJC_ROOT_CLASS = YES_ERROR;
				CLANG_WARN_RANGE_LOOP_ANALYSIS = YES;
				CLANG_WARN_STRICT_PROTOTYPES = YES;
				CLANG_WARN_SUSPICIOUS_MOVE = YES;
				CLANG_WARN_UNGUARDED_AVAILABILITY = YES_AGGRESSIVE;
				CLANG_WARN_UNREACHABLE_CODE = YES;
				CLANG_WARN__DUPLICATE_METHOD_MATCH = YES;
				COPY_PHASE_STRIP = NO;
				DEBUG_INFORMATION_FORMAT = "dwarf-with-dsym";
				ENABLE_NS_ASSERTIONS = NO;
				ENABLE_STRICT_OBJC_MSGSEND = YES;
				GCC_C_LANGUAGE_STANDARD = gnu11;
				GCC_NO_COMMON_BLOCKS = YES;
				GCC_WARN_64_TO_32_BIT_CONVERSION = YES;
				GCC_WARN_ABOUT_RETURN_TYPE = YES_ERROR;
				GCC_WARN_UNDECLARED_SELECTOR = YES;
				GCC_WARN_UNINITIALIZED_AUTOS = YES_AGGRESSIVE;
				GCC_WARN_UNUSED_FUNCTION = YES;
				GCC_WARN_UNUSED_VARIABLE = YES;
				IPHONEOS_DEPLOYMENT_TARGET = 13.6;
				MTL_ENABLE_DEBUG_INFO = NO;
				MTL_FAST_MATH = YES;
				SDKROOT = iphoneos;
				SWIFT_COMPILATION_MODE = wholemodule;
				SWIFT_OPTIMIZATION_LEVEL = "-O";
				VALIDATE_PRODUCT = YES;
			};
			name = Release;
		};
		F7122C9925CDDB5700AF41C9 /* Debug */ = {
			isa = XCBuildConfiguration;
			buildSettings = {
				ASSETCATALOG_COMPILER_APPICON_NAME = AppIcon;
				CODE_SIGN_STYLE = Automatic;
				DEVELOPMENT_TEAM = NXY2G8NXJS;
				INFOPLIST_FILE = AprendiendoTablas/Info.plist;
				LD_RUNPATH_SEARCH_PATHS = (
					"$(inherited)",
					"@executable_path/Frameworks",
				);
				PRODUCT_BUNDLE_IDENTIFIER = raul.dev.IOS.AprendiendoTablas;
				PRODUCT_NAME = "$(TARGET_NAME)";
				SWIFT_VERSION = 5.0;
				TARGETED_DEVICE_FAMILY = "1,2";
			};
			name = Debug;
		};
		F7122C9A25CDDB5700AF41C9 /* Release */ = {
			isa = XCBuildConfiguration;
			buildSettings = {
				ASSETCATALOG_COMPILER_APPICON_NAME = AppIcon;
				CODE_SIGN_STYLE = Automatic;
				DEVELOPMENT_TEAM = NXY2G8NXJS;
				INFOPLIST_FILE = AprendiendoTablas/Info.plist;
				LD_RUNPATH_SEARCH_PATHS = (
					"$(inherited)",
					"@executable_path/Frameworks",
				);
				PRODUCT_BUNDLE_IDENTIFIER = raul.dev.IOS.AprendiendoTablas;
				PRODUCT_NAME = "$(TARGET_NAME)";
				SWIFT_VERSION = 5.0;
				TARGETED_DEVICE_FAMILY = "1,2";
			};
			name = Release;
		};
/* End XCBuildConfiguration section */

/* Begin XCConfigurationList section */
		F7122C7F25CDDB5200AF41C9 /* Build configuration list for PBXProject "AprendiendoTablas" */ = {
			isa = XCConfigurationList;
			buildConfigurations = (
				F7122C9625CDDB5700AF41C9 /* Debug */,
				F7122C9725CDDB5700AF41C9 /* Release */,
			);
			defaultConfigurationIsVisible = 0;
			defaultConfigurationName = Release;
		};
		F7122C9825CDDB5700AF41C9 /* Build configuration list for PBXNativeTarget "AprendiendoTablas" */ = {
			isa = XCConfigurationList;
			buildConfigurations = (
				F7122C9925CDDB5700AF41C9 /* Debug */,
				F7122C9A25CDDB5700AF41C9 /* Release */,
			);
			defaultConfigurationIsVisible = 0;
			defaultConfigurationName = Release;
		};
/* End XCConfigurationList section */
	};
	rootObject = F7122C7C25CDDB5200AF41C9 /* Project object */;
}
